
Microsoft Visual Studio Solution File, Format Version 12.00
# Visual Studio Version 17
VisualStudioVersion = 17.11.35312.102
MinimumVisualStudioVersion = 10.0.40219.1
Project("{FAE04EC0-301F-11D3-BF4B-00C04F79EFBC}") = "Exponents Lab", "Exponents Lab\Exponents Lab.csproj", "{F17DDE29-ACF5-4DC0-854C-EC9A032B67D8}"
EndProject
Global
	GlobalSection(SolutionConfigurationPlatforms) = preSolution
		Debug|Any CPU = Debug|Any CPU
		Release|Any CPU = Release|Any CPU
	EndGlobalSection
	GlobalSection(ProjectConfigurationPlatforms) = postSolution
		{F17DDE29-ACF5-4DC0-854C-EC9A032B67D8}.Debug|Any CPU.ActiveCfg = Debug|Any CPU
		{F17DDE29-ACF5-4DC0-854C-EC9A032B67D8}.Debug|Any CPU.Build.0 = Debug|Any CPU
		{F17DDE29-ACF5-4DC0-854C-EC9A032B67D8}.Release|Any CPU.ActiveCfg = Release|Any CPU
		{F17DDE29-ACF5-4DC0-854C-EC9A032B67D8}.Release|Any CPU.Build.0 = Release|Any CPU
	EndGlobalSection
	GlobalSection(SolutionProperties) = preSolution
		HideSolutionNode = FALSE
	EndGlobalSection
	GlobalSection(ExtensibilityGlobals) = postSolution
		SolutionGuid = {391E0D09-CF9A-4D28-8BF2-FE03A7225621}
	EndGlobalSection
EndGlobal
